<Solution>
  <Folder Name="/src/BuildingBlocks/">
    <Project Path="src/BuildingBlocks/EdgeItalianPizza.BuildingBlocks/EdgeItalianPizza.BuildingBlocks.csproj" />
    <Project Path="src/BuildingBlocks/EdgeItalianPizza.BuildingBlocks.Tests/EdgeItalianPizza.BuildingBlocks.Tests.csproj" />
  </Folder>
  <Folder Name="/src/Infrastructure/">
    <Project Path="src/Infrastructure/EdgeItalianPizza.Infrastructure/EdgeItalianPizza.Infrastructure.csproj" />
    <Project Path="src/Infrastructure/EdgeItalianPizza.Infrastructure.Tests/EdgeItalianPizza.Infrastructure.Tests.csproj" />
  </Folder>
  <Folder Name="/src/Modules/Catalog/">
    <Project Path="src/Modules/Catalog/EdgeItalianPizza.Modules.Catalog.Domain/EdgeItalianPizza.Modules.Catalog.Domain.csproj" />
  </Folder>
  <Folder Name="/src/Modules/Basket/">
    <Project Path="src/Modules/Basket/EdgeItalianPizza.Modules.Basket.Domain/EdgeItalianPizza.Modules.Basket.Domain.csproj" />
  </Folder>
  <Folder Name="/src/Modules/Inventory/">
    <Project Path="src/Modules/Inventory/EdgeItalianPizza.Modules.Inventory.Domain/EdgeItalianPizza.Modules.Inventory.Domain.csproj" />
  </Folder>
  <Folder Name="/src/Modules/Locations/">
    <Project Path="src/Modules/Locations/EdgeItalianPizza.Modules.Locations.ApplicationCore/EdgeItalianPizza.Modules.Locations.ApplicationCore.csproj" />
    <Project Path="src/Modules/Locations/EdgeItalianPizza.Modules.Locations.Persistence.MongoDb/EdgeItalianPizza.Modules.Locations.Persistence.MongoDb.csproj" />
  </Folder>
  <Folder Name="/src/Modules/Users/">
    <Project Path="src/Modules/Users/EdgeItalianPizza.Modules.Users.Domain/EdgeItalianPizza.Modules.Users.Domain.csproj" />
  </Folder>
</Solution>
